
Microsoft Visual Studio Solution File, Format Version 12.00
# Visual Studio Version 17
VisualStudioVersion = 17.9.34728.123
MinimumVisualStudioVersion = 10.0.40219.1
Project("{9A19103F-16F7-4668-BE54-9A1E7A4F7556}") = "ex12_lambdas", "ex12_lambdas\ex12_lambdas.csproj", "{D3E172CD-67DD-43D1-AD99-B98CCA7B4F6A}"
EndProject
Project("{9A19103F-16F7-4668-BE54-9A1E7A4F7556}") = "ex13_linqs", "ex13_linqs\ex13_linqs.csproj", "{C367D8DD-42EE-453E-9964-B669FB9B66AE}"
EndProject
Project("{9A19103F-16F7-4668-BE54-9A1E7A4F7556}") = "ex14_attributes", "ex14_attributes\ex14_attributes.csproj", "{E2C952F2-C6B3-4D99-A8E4-69A7A283B083}"
EndProject
Project("{9A19103F-16F7-4668-BE54-9A1E7A4F7556}") = "ex15_pythons", "ex15_pythons\ex15_pythons.csproj", "{796C7C9D-1F6D-4AF1-81E3-4862DD2F3451}"
EndProject
Project("{9A19103F-16F7-4668-BE54-9A1E7A4F7556}") = "ex16_winforms", "ex16_winforms\ex16_winforms.csproj", "{23D365A3-BBE3-4B03-979A-483435D97821}"
EndProject
Project("{FAE04EC0-301F-11D3-BF4B-00C04F79EFBC}") = "ex17_winApp", "ex17_winApp\ex17_winApp.csproj", "{3F6A6646-44FB-46AB-965D-721E927403AA}"
EndProject
Global
	GlobalSection(SolutionConfigurationPlatforms) = preSolution
		Debug|Any CPU = Debug|Any CPU
		Release|Any CPU = Release|Any CPU
	EndGlobalSection
	GlobalSection(ProjectConfigurationPlatforms) = postSolution
		{D3E172CD-67DD-43D1-AD99-B98CCA7B4F6A}.Debug|Any CPU.ActiveCfg = Debug|Any CPU
		{D3E172CD-67DD-43D1-AD99-B98CCA7B4F6A}.Debug|Any CPU.Build.0 = Debug|Any CPU
		{D3E172CD-67DD-43D1-AD99-B98CCA7B4F6A}.Release|Any CPU.ActiveCfg = Release|Any CPU
		{D3E172CD-67DD-43D1-AD99-B98CCA7B4F6A}.Release|Any CPU.Build.0 = Release|Any CPU
		{C367D8DD-42EE-453E-9964-B669FB9B66AE}.Debug|Any CPU.ActiveCfg = Debug|Any CPU
		{C367D8DD-42EE-453E-9964-B669FB9B66AE}.Debug|Any CPU.Build.0 = Debug|Any CPU
		{C367D8DD-42EE-453E-9964-B669FB9B66AE}.Release|Any CPU.ActiveCfg = Release|Any CPU
		{C367D8DD-42EE-453E-9964-B669FB9B66AE}.Release|Any CPU.Build.0 = Release|Any CPU
		{E2C952F2-C6B3-4D99-A8E4-69A7A283B083}.Debug|Any CPU.ActiveCfg = Debug|Any CPU
		{E2C952F2-C6B3-4D99-A8E4-69A7A283B083}.Debug|Any CPU.Build.0 = Debug|Any CPU
		{E2C952F2-C6B3-4D99-A8E4-69A7A283B083}.Release|Any CPU.ActiveCfg = Release|Any CPU
		{E2C952F2-C6B3-4D99-A8E4-69A7A283B083}.Release|Any CPU.Build.0 = Release|Any CPU
		{796C7C9D-1F6D-4AF1-81E3-4862DD2F3451}.Debug|Any CPU.ActiveCfg = Debug|Any CPU
		{796C7C9D-1F6D-4AF1-81E3-4862DD2F3451}.Debug|Any CPU.Build.0 = Debug|Any CPU
		{796C7C9D-1F6D-4AF1-81E3-4862DD2F3451}.Release|Any CPU.ActiveCfg = Release|Any CPU
		{796C7C9D-1F6D-4AF1-81E3-4862DD2F3451}.Release|Any CPU.Build.0 = Release|Any CPU
		{23D365A3-BBE3-4B03-979A-483435D97821}.Debug|Any CPU.ActiveCfg = Debug|Any CPU
		{23D365A3-BBE3-4B03-979A-483435D97821}.Debug|Any CPU.Build.0 = Debug|Any CPU
		{23D365A3-BBE3-4B03-979A-483435D97821}.Release|Any CPU.ActiveCfg = Release|Any CPU
		{23D365A3-BBE3-4B03-979A-483435D97821}.Release|Any CPU.Build.0 = Release|Any CPU
		{3F6A6646-44FB-46AB-965D-721E927403AA}.Debug|Any CPU.ActiveCfg = Debug|Any CPU
		{3F6A6646-44FB-46AB-965D-721E927403AA}.Debug|Any CPU.Build.0 = Debug|Any CPU
		{3F6A6646-44FB-46AB-965D-721E927403AA}.Release|Any CPU.ActiveCfg = Release|Any CPU
		{3F6A6646-44FB-46AB-965D-721E927403AA}.Release|Any CPU.Build.0 = Release|Any CPU
	EndGlobalSection
	GlobalSection(SolutionProperties) = preSolution
		HideSolutionNode = FALSE
	EndGlobalSection
	GlobalSection(ExtensibilityGlobals) = postSolution
		SolutionGuid = {90C85FB5-D542-4851-B1A6-E3F284FADDFD}
	EndGlobalSection
EndGlobal
