
Microsoft Visual Studio Solution File, Format Version 12.00
# Visual Studio Version 17
VisualStudioVersion = 17.9.34728.123
MinimumVisualStudioVersion = 10.0.40219.1
Project("{FAE04EC0-301F-11D3-BF4B-00C04F79EFBC}") = "ToyProJect", "ToyProJect\ToyProJect.csproj", "{169D4029-4BF1-4AFE-B2AE-7AF7EBF4E6BA}"
EndProject
Global
	GlobalSection(SolutionConfigurationPlatforms) = preSolution
		Debug|Any CPU = Debug|Any CPU
		Release|Any CPU = Release|Any CPU
	EndGlobalSection
	GlobalSection(ProjectConfigurationPlatforms) = postSolution
		{169D4029-4BF1-4AFE-B2AE-7AF7EBF4E6BA}.Debug|Any CPU.ActiveCfg = Debug|Any CPU
		{169D4029-4BF1-4AFE-B2AE-7AF7EBF4E6BA}.Debug|Any CPU.Build.0 = Debug|Any CPU
		{169D4029-4BF1-4AFE-B2AE-7AF7EBF4E6BA}.Release|Any CPU.ActiveCfg = Release|Any CPU
		{169D4029-4BF1-4AFE-B2AE-7AF7EBF4E6BA}.Release|Any CPU.Build.0 = Release|Any CPU
	EndGlobalSection
	GlobalSection(SolutionProperties) = preSolution
		HideSolutionNode = FALSE
	EndGlobalSection
	GlobalSection(ExtensibilityGlobals) = postSolution
		SolutionGuid = {5ECE9F0C-927D-4CD0-BE3C-60E96627190D}
	EndGlobalSection
EndGlobal
